
Microsoft Visual Studio Solution File, Format Version 12.00
# Visual Studio Version 17
VisualStudioVersion = 17.0.31612.314
MinimumVisualStudioVersion = 10.0.40219.1
Project("{9A19103F-16F7-4668-BE54-9A1E7A4F7556}") = "RecognitionRunner", "RecognitionRunner\RecognitionRunner.csproj", "{7DA4D1A9-F8EE-4F8A-BE7A-B11FECA7FD54}"
EndProject
Project("{FAE04EC0-301F-11D3-BF4B-00C04F79EFBC}") = "Primitives", "Primitives\Primitives.csproj", "{96133100-81BC-46B1-8369-59ECB6607BE3}"
EndProject
Project("{FAE04EC0-301F-11D3-BF4B-00C04F79EFBC}") = "RecognitionEngine", "RecognitionEngine\RecognitionEngine.csproj", "{49EA9DC1-AD88-4830-B8F2-99DC9DA1A0D3}"
EndProject
Project("{FAE04EC0-301F-11D3-BF4B-00C04F79EFBC}") = "RecognitionPrimitives", "RecognitionPrimitives\RecognitionPrimitives.csproj", "{E95076B2-3AAA-400E-A619-9026C13CB9D5}"
EndProject
Project("{FAE04EC0-301F-11D3-BF4B-00C04F79EFBC}") = "ProcessingUtils", "ProcessingUtils\ProcessingUtils.csproj", "{E99BF8FA-7086-4C33-9D01-F61DAA7D1452}"
EndProject
Global
	GlobalSection(SolutionConfigurationPlatforms) = preSolution
		Debug|Any CPU = Debug|Any CPU
		Debug|x64 = Debug|x64
		Release|Any CPU = Release|Any CPU
		Release|x64 = Release|x64
	EndGlobalSection
	GlobalSection(ProjectConfigurationPlatforms) = postSolution
		{7DA4D1A9-F8EE-4F8A-BE7A-B11FECA7FD54}.Debug|Any CPU.ActiveCfg = Debug|x64
		{7DA4D1A9-F8EE-4F8A-BE7A-B11FECA7FD54}.Debug|x64.ActiveCfg = Debug|x64
		{7DA4D1A9-F8EE-4F8A-BE7A-B11FECA7FD54}.Debug|x64.Build.0 = Debug|x64
		{7DA4D1A9-F8EE-4F8A-BE7A-B11FECA7FD54}.Release|Any CPU.ActiveCfg = Release|x64
		{7DA4D1A9-F8EE-4F8A-BE7A-B11FECA7FD54}.Release|x64.ActiveCfg = Release|x64
		{7DA4D1A9-F8EE-4F8A-BE7A-B11FECA7FD54}.Release|x64.Build.0 = Release|x64
		{96133100-81BC-46B1-8369-59ECB6607BE3}.Debug|Any CPU.ActiveCfg = Debug|Any CPU
		{96133100-81BC-46B1-8369-59ECB6607BE3}.Debug|Any CPU.Build.0 = Debug|Any CPU
		{96133100-81BC-46B1-8369-59ECB6607BE3}.Debug|x64.ActiveCfg = Debug|Any CPU
		{96133100-81BC-46B1-8369-59ECB6607BE3}.Debug|x64.Build.0 = Debug|Any CPU
		{96133100-81BC-46B1-8369-59ECB6607BE3}.Release|Any CPU.ActiveCfg = Release|Any CPU
		{96133100-81BC-46B1-8369-59ECB6607BE3}.Release|Any CPU.Build.0 = Release|Any CPU
		{96133100-81BC-46B1-8369-59ECB6607BE3}.Release|x64.ActiveCfg = Release|Any CPU
		{96133100-81BC-46B1-8369-59ECB6607BE3}.Release|x64.Build.0 = Release|Any CPU
		{49EA9DC1-AD88-4830-B8F2-99DC9DA1A0D3}.Debug|Any CPU.ActiveCfg = Debug|Any CPU
		{49EA9DC1-AD88-4830-B8F2-99DC9DA1A0D3}.Debug|Any CPU.Build.0 = Debug|Any CPU
		{49EA9DC1-AD88-4830-B8F2-99DC9DA1A0D3}.Debug|x64.ActiveCfg = Debug|Any CPU
		{49EA9DC1-AD88-4830-B8F2-99DC9DA1A0D3}.Debug|x64.Build.0 = Debug|Any CPU
		{49EA9DC1-AD88-4830-B8F2-99DC9DA1A0D3}.Release|Any CPU.ActiveCfg = Release|Any CPU
		{49EA9DC1-AD88-4830-B8F2-99DC9DA1A0D3}.Release|Any CPU.Build.0 = Release|Any CPU
		{49EA9DC1-AD88-4830-B8F2-99DC9DA1A0D3}.Release|x64.ActiveCfg = Release|Any CPU
		{49EA9DC1-AD88-4830-B8F2-99DC9DA1A0D3}.Release|x64.Build.0 = Release|Any CPU
		{E95076B2-3AAA-400E-A619-9026C13CB9D5}.Debug|Any CPU.ActiveCfg = Debug|Any CPU
		{E95076B2-3AAA-400E-A619-9026C13CB9D5}.Debug|Any CPU.Build.0 = Debug|Any CPU
		{E95076B2-3AAA-400E-A619-9026C13CB9D5}.Debug|x64.ActiveCfg = Debug|Any CPU
		{E95076B2-3AAA-400E-A619-9026C13CB9D5}.Debug|x64.Build.0 = Debug|Any CPU
		{E95076B2-3AAA-400E-A619-9026C13CB9D5}.Release|Any CPU.ActiveCfg = Release|Any CPU
		{E95076B2-3AAA-400E-A619-9026C13CB9D5}.Release|Any CPU.Build.0 = Release|Any CPU
		{E95076B2-3AAA-400E-A619-9026C13CB9D5}.Release|x64.ActiveCfg = Release|Any CPU
		{E95076B2-3AAA-400E-A619-9026C13CB9D5}.Release|x64.Build.0 = Release|Any CPU
		{E99BF8FA-7086-4C33-9D01-F61DAA7D1452}.Debug|Any CPU.ActiveCfg = Debug|Any CPU
		{E99BF8FA-7086-4C33-9D01-F61DAA7D1452}.Debug|Any CPU.Build.0 = Debug|Any CPU
		{E99BF8FA-7086-4C33-9D01-F61DAA7D1452}.Debug|x64.ActiveCfg = Debug|Any CPU
		{E99BF8FA-7086-4C33-9D01-F61DAA7D1452}.Debug|x64.Build.0 = Debug|Any CPU
		{E99BF8FA-7086-4C33-9D01-F61DAA7D1452}.Release|Any CPU.ActiveCfg = Release|Any CPU
		{E99BF8FA-7086-4C33-9D01-F61DAA7D1452}.Release|Any CPU.Build.0 = Release|Any CPU
		{E99BF8FA-7086-4C33-9D01-F61DAA7D1452}.Release|x64.ActiveCfg = Release|Any CPU
		{E99BF8FA-7086-4C33-9D01-F61DAA7D1452}.Release|x64.Build.0 = Release|Any CPU
	EndGlobalSection
	GlobalSection(SolutionProperties) = preSolution
		HideSolutionNode = FALSE
	EndGlobalSection
	GlobalSection(ExtensibilityGlobals) = postSolution
		SolutionGuid = {5BB31E62-A200-45A9-8F95-F969D92EB616}
	EndGlobalSection
EndGlobal
